# THIS IS AN AUTOGENERATED FILE. DO NOT EDIT THIS FILE DIRECTLY.
# yarn lockfile v1


playwright-core@1.55.0:
  version "1.55.0"
  resolved "https://registry.yarnpkg.com/playwright-core/-/playwright-core-1.55.0.tgz#ec8a9f8ef118afb3e86e0f46f1393e3bea32adf4"
  integrity sha512-GvZs4vU3U5ro2nZpeiwyb0zuFaqb9sUiAJuyrWpcGouD8y9/HLgGbNRjIph7zU9D3hnPaisMl9zG9CgFi/biIg==

playwright-firefox@^1.54.2:
  version "1.55.0"
  resolved "https://registry.yarnpkg.com/playwright-firefox/-/playwright-firefox-1.55.0.tgz#35dd186e4038f1a9450d13e4698c25233bcd8983"
  integrity sha512-AZ3zMZOvwszcvHG8+Ymtq1NHIdUOChdBvvzjt6t8SLLtpl/mpfdNO04Y6WWku1EEd2/4p4/9acJAneXusm9kmQ==
  dependencies:
    playwright-core "1.55.0"
