# THIS IS AN AUTOGENERATED FILE. DO NOT EDIT THIS FILE DIRECTLY.
# yarn lockfile v1


playwright-core@1.56.1:
  version "1.56.1"
  resolved "https://registry.yarnpkg.com/playwright-core/-/playwright-core-1.56.1.tgz#24a66481e5cd33a045632230aa2c4f0cb6b1db3d"
  integrity sha512-hutraynyn31F+Bifme+Ps9Vq59hKuUCz7H1kDOcBs+2oGguKkWTU50bBWrtz34OUWmIwpBTWDxaRPXrIXkgvmQ==

playwright-firefox@^1.55.1:
  version "1.56.1"
  resolved "https://registry.yarnpkg.com/playwright-firefox/-/playwright-firefox-1.56.1.tgz#6ff86d51962e9e78e5c579c64fb7d1aa1afa38dc"
  integrity sha512-//oekhpDBpSct8r5HiVWVO9CzTnnek5EIp6rOmsOQas1NM3HITBxCUvXnSDno2lygBHhtuqflrO+MQtymy1vdQ==
  dependencies:
    playwright-core "1.56.1"
