# THIS IS AN AUTOGENERATED FILE. DO NOT EDIT THIS FILE DIRECTLY.
# yarn lockfile v1


playwright-core@1.53.0:
  version "1.53.0"
  resolved "https://registry.yarnpkg.com/playwright-core/-/playwright-core-1.53.0.tgz#bf2738cc143116b6130b78e0c644edf2e7e53ff4"
  integrity sha512-mGLg8m0pm4+mmtB7M89Xw/GSqoNC+twivl8ITteqvAndachozYe2ZA7srU6uleV1vEdAHYqjq+SV8SNxRRFYBw==

playwright-firefox@^1.52.0:
  version "1.53.0"
  resolved "https://registry.yarnpkg.com/playwright-firefox/-/playwright-firefox-1.53.0.tgz#c2bab70b1d81127fafb3f2de877099418cef7dfb"
  integrity sha512-PVSb7hmIJy0r8eJ6TPJU9odlmJv0bZaLPYlw7cDCglZWgBY3ClieVCzkjgpXYxNmI3OyROU1GdOhMcy0zpPp1A==
  dependencies:
    playwright-core "1.53.0"
