{
  "name": "upside_down_cake",
  "lockfileVersion": 3,
  "requires": true,
  "packages": {
    "": {
      "name": "upside_down_cake",
      "dependencies": {
        "@hono/node-server": "^1.19.4",
        "hono": "^3.9.1"
      }
    },
    "node_modules/@hono/node-server": {
      "version": "1.19.4",
      "resolved": "https://registry.npmjs.org/@hono/node-server/-/node-server-1.19.4.tgz",
      "integrity": "sha512-AWKQZ/YkHUBSHeL/5Ld8FWgUs6wFf4TxGYxqp9wLZxRdFuHBpXmgOq+CuDoL4vllkZLzovCf5HBJnypiy3EtHA==",
      "license": "MIT",
      "engines": {
        "node": ">=18.14.1"
      },
      "peerDependencies": {
        "hono": "^4"
      }
    },
    "node_modules/hono": {
      "version": "3.9.1",
      "resolved": "https://registry.npmjs.org/hono/-/hono-3.9.1.tgz",
      "integrity": "sha512-z3nM9CjNZ8PRAH6NNntk4ESKW2POEbGanhK1QpYdQ1MOYRzZPSEE8B5mqw8bYEPa7qIQxX0vtlv7XOxtwFbosg==",
      "engines": {
        "node": ">=16.0.0"
      }
    }
  }
}
