# THIS IS AN AUTOGENERATED FILE. DO NOT EDIT THIS FILE DIRECTLY.
# yarn lockfile v1


"@editorjs/editorjs@^2.30.8":
  version "2.30.8"
  resolved "https://registry.yarnpkg.com/@editorjs/editorjs/-/editorjs-2.30.8.tgz#e88773622b656f002d6aac31a4b09a04ddea554b"
  integrity sha512-ClFuxI1qZTfXPJTacQfsJtOUP6bKoIe6BQNdAvGsDTDVwMnZEzoaSOwvUpdZEE56xppVfQueNK/1MElV9SJKHg==
